
Microsoft Visual Studio Solution File, Format Version 12.00
# Visual Studio 15
VisualStudioVersion = 15.0.27130.2036
MinimumVisualStudioVersion = 10.0.40219.1
Project("{FAE04EC0-301F-11D3-BF4B-00C04F79EFBC}") = "BirthdayCardHW", "BirthdayCardHW\BirthdayCardHW.csproj", "{2B06AC4A-CB83-4060-B329-F3E28C6A27F1}"
EndProject
Global
	GlobalSection(SolutionConfigurationPlatforms) = preSolution
		Debug|Any CPU = Debug|Any CPU
		Release|Any CPU = Release|Any CPU
	EndGlobalSection
	GlobalSection(ProjectConfigurationPlatforms) = postSolution
		{2B06AC4A-CB83-4060-B329-F3E28C6A27F1}.Debug|Any CPU.ActiveCfg = Debug|Any CPU
		{2B06AC4A-CB83-4060-B329-F3E28C6A27F1}.Debug|Any CPU.Build.0 = Debug|Any CPU
		{2B06AC4A-CB83-4060-B329-F3E28C6A27F1}.Release|Any CPU.ActiveCfg = Release|Any CPU
		{2B06AC4A-CB83-4060-B329-F3E28C6A27F1}.Release|Any CPU.Build.0 = Release|Any CPU
	EndGlobalSection
	GlobalSection(SolutionProperties) = preSolution
		HideSolutionNode = FALSE
	EndGlobalSection
	GlobalSection(ExtensibilityGlobals) = postSolution
		SolutionGuid = {E89F4E7C-A538-43A4-BB24-87BB2DEF2BD8}
	EndGlobalSection
EndGlobal
